
Microsoft Visual Studio Solution File, Format Version 12.00
# Visual Studio 2013
VisualStudioVersion = 12.0.30723.0
MinimumVisualStudioVersion = 10.0.40219.1
Project("{FAE04EC0-301F-11D3-BF4B-00C04F79EFBC}") = "136104", "136104\136104.csproj", "{8156E998-7DF0-4B99-B3E3-836A7BF22088}"
EndProject
Global
	GlobalSection(SolutionConfigurationPlatforms) = preSolution
		Debug|Any CPU = Debug|Any CPU
		Release|Any CPU = Release|Any CPU
	EndGlobalSection
	GlobalSection(ProjectConfigurationPlatforms) = postSolution
		{8156E998-7DF0-4B99-B3E3-836A7BF22088}.Debug|Any CPU.ActiveCfg = Debug|Any CPU
		{8156E998-7DF0-4B99-B3E3-836A7BF22088}.Debug|Any CPU.Build.0 = Debug|Any CPU
		{8156E998-7DF0-4B99-B3E3-836A7BF22088}.Release|Any CPU.ActiveCfg = Release|Any CPU
		{8156E998-7DF0-4B99-B3E3-836A7BF22088}.Release|Any CPU.Build.0 = Release|Any CPU
	EndGlobalSection
	GlobalSection(SolutionProperties) = preSolution
		HideSolutionNode = FALSE
	EndGlobalSection
EndGlobal
